
Microsoft Visual Studio Solution File, Format Version 12.00
# Visual Studio Version 16
VisualStudioVersion = 16.0.29306.81
MinimumVisualStudioVersion = 10.0.40219.1
Project("{FAE04EC0-301F-11D3-BF4B-00C04F79EFBC}") = "OnAnother", "OnAnother\OnAnother.csproj", "{9E2AE4AA-1F84-44D4-8CE4-62FE1C5CA310}"
EndProject
Global
	GlobalSection(SolutionConfigurationPlatforms) = preSolution
		Debug|Any CPU = Debug|Any CPU
		Release|Any CPU = Release|Any CPU
	EndGlobalSection
	GlobalSection(ProjectConfigurationPlatforms) = postSolution
		{9E2AE4AA-1F84-44D4-8CE4-62FE1C5CA310}.Debug|Any CPU.ActiveCfg = Debug|Any CPU
		{9E2AE4AA-1F84-44D4-8CE4-62FE1C5CA310}.Debug|Any CPU.Build.0 = Debug|Any CPU
		{9E2AE4AA-1F84-44D4-8CE4-62FE1C5CA310}.Release|Any CPU.ActiveCfg = Release|Any CPU
		{9E2AE4AA-1F84-44D4-8CE4-62FE1C5CA310}.Release|Any CPU.Build.0 = Release|Any CPU
	EndGlobalSection
	GlobalSection(SolutionProperties) = preSolution
		HideSolutionNode = FALSE
	EndGlobalSection
	GlobalSection(ExtensibilityGlobals) = postSolution
		SolutionGuid = {8B5A0205-BC24-4375-A85C-9FA11CD14727}
	EndGlobalSection
EndGlobal
